
Microsoft Visual Studio Solution File, Format Version 12.00
# Visual Studio Version 17
VisualStudioVersion = 17.14.36915.13 d17.14
MinimumVisualStudioVersion = 10.0.40219.1
Project("{FAE04EC0-301F-11D3-BF4B-00C04F79EFBC}") = "SP26-SMAssignment3", "SP26-SMAssignment3.csproj", "{737D4913-C4D3-4929-8BB8-B9C9C44FB85B}"
EndProject
Global
	GlobalSection(SolutionConfigurationPlatforms) = preSolution
		Debug|Any CPU = Debug|Any CPU
		Release|Any CPU = Release|Any CPU
	EndGlobalSection
	GlobalSection(ProjectConfigurationPlatforms) = postSolution
		{737D4913-C4D3-4929-8BB8-B9C9C44FB85B}.Debug|Any CPU.ActiveCfg = Debug|Any CPU
		{737D4913-C4D3-4929-8BB8-B9C9C44FB85B}.Debug|Any CPU.Build.0 = Debug|Any CPU
		{737D4913-C4D3-4929-8BB8-B9C9C44FB85B}.Release|Any CPU.ActiveCfg = Release|Any CPU
		{737D4913-C4D3-4929-8BB8-B9C9C44FB85B}.Release|Any CPU.Build.0 = Release|Any CPU
	EndGlobalSection
	GlobalSection(SolutionProperties) = preSolution
		HideSolutionNode = FALSE
	EndGlobalSection
	GlobalSection(ExtensibilityGlobals) = postSolution
		SolutionGuid = {5E95DF91-FA95-43E6-B392-C51EFCFFD2D7}
	EndGlobalSection
EndGlobal
